
Microsoft Visual Studio Solution File, Format Version 12.00
# Visual Studio Version 17
VisualStudioVersion = 17.12.35527.113
MinimumVisualStudioVersion = 10.0.40219.1
Project("{FAE04EC0-301F-11D3-BF4B-00C04F79EFBC}") = "SimpleHttpClientNet", "SimpleHttpClientNet\SimpleHttpClientNet.csproj", "{25F4D089-B3B8-401A-9335-FDB316D71E63}"
EndProject
Project("{FAE04EC0-301F-11D3-BF4B-00C04F79EFBC}") = "SimpleHttpClientNetTests", "SimpleHttpClientNetTests\SimpleHttpClientNetTests.csproj", "{A9D68F7A-7EF9-4D82-98DF-9DF105157FC4}"
EndProject
Project("{FAE04EC0-301F-11D3-BF4B-00C04F79EFBC}") = "TestApi", "TestApi\TestApi.csproj", "{B783A216-2F4A-405B-9AC4-F754B70BE839}"
EndProject
Global
	GlobalSection(SolutionConfigurationPlatforms) = preSolution
		Debug|Any CPU = Debug|Any CPU
		Release|Any CPU = Release|Any CPU
	EndGlobalSection
	GlobalSection(ProjectConfigurationPlatforms) = postSolution
		{25F4D089-B3B8-401A-9335-FDB316D71E63}.Debug|Any CPU.ActiveCfg = Debug|Any CPU
		{25F4D089-B3B8-401A-9335-FDB316D71E63}.Debug|Any CPU.Build.0 = Debug|Any CPU
		{25F4D089-B3B8-401A-9335-FDB316D71E63}.Release|Any CPU.ActiveCfg = Release|Any CPU
		{25F4D089-B3B8-401A-9335-FDB316D71E63}.Release|Any CPU.Build.0 = Release|Any CPU
		{A9D68F7A-7EF9-4D82-98DF-9DF105157FC4}.Debug|Any CPU.ActiveCfg = Debug|Any CPU
		{A9D68F7A-7EF9-4D82-98DF-9DF105157FC4}.Debug|Any CPU.Build.0 = Debug|Any CPU
		{A9D68F7A-7EF9-4D82-98DF-9DF105157FC4}.Release|Any CPU.ActiveCfg = Release|Any CPU
		{A9D68F7A-7EF9-4D82-98DF-9DF105157FC4}.Release|Any CPU.Build.0 = Release|Any CPU
		{B783A216-2F4A-405B-9AC4-F754B70BE839}.Debug|Any CPU.ActiveCfg = Debug|Any CPU
		{B783A216-2F4A-405B-9AC4-F754B70BE839}.Debug|Any CPU.Build.0 = Debug|Any CPU
		{B783A216-2F4A-405B-9AC4-F754B70BE839}.Release|Any CPU.ActiveCfg = Release|Any CPU
		{B783A216-2F4A-405B-9AC4-F754B70BE839}.Release|Any CPU.Build.0 = Release|Any CPU
	EndGlobalSection
	GlobalSection(SolutionProperties) = preSolution
		HideSolutionNode = FALSE
	EndGlobalSection
	GlobalSection(ExtensibilityGlobals) = postSolution
		SolutionGuid = {71D2B59D-577F-432F-9A45-05BEF12BA5F2}
	EndGlobalSection
EndGlobal
